
Microsoft Visual Studio Solution File, Format Version 12.00
# Visual Studio Version 16
VisualStudioVersion = 16.0.29613.14
MinimumVisualStudioVersion = 10.0.40219.1
Project("{9A19103F-16F7-4668-BE54-9A1E7A4F7556}") = "App", "App\App.csproj", "{DA0D50EC-F3CF-4164-A2DC-282C4697B6E6}"
EndProject
Project("{9A19103F-16F7-4668-BE54-9A1E7A4F7556}") = "App.EntityFramework", "App.EntityFramework\App.EntityFramework.csproj", "{66385298-E286-4E2E-AA24-D653DB1AA30F}"
EndProject
Global
	GlobalSection(SolutionConfigurationPlatforms) = preSolution
		Debug|Any CPU = Debug|Any CPU
		Release|Any CPU = Release|Any CPU
	EndGlobalSection
	GlobalSection(ProjectConfigurationPlatforms) = postSolution
		{DA0D50EC-F3CF-4164-A2DC-282C4697B6E6}.Debug|Any CPU.ActiveCfg = Debug|Any CPU
		{DA0D50EC-F3CF-4164-A2DC-282C4697B6E6}.Debug|Any CPU.Build.0 = Debug|Any CPU
		{DA0D50EC-F3CF-4164-A2DC-282C4697B6E6}.Release|Any CPU.ActiveCfg = Release|Any CPU
		{DA0D50EC-F3CF-4164-A2DC-282C4697B6E6}.Release|Any CPU.Build.0 = Release|Any CPU
		{66385298-E286-4E2E-AA24-D653DB1AA30F}.Debug|Any CPU.ActiveCfg = Debug|Any CPU
		{66385298-E286-4E2E-AA24-D653DB1AA30F}.Debug|Any CPU.Build.0 = Debug|Any CPU
		{66385298-E286-4E2E-AA24-D653DB1AA30F}.Release|Any CPU.ActiveCfg = Release|Any CPU
		{66385298-E286-4E2E-AA24-D653DB1AA30F}.Release|Any CPU.Build.0 = Release|Any CPU
	EndGlobalSection
	GlobalSection(SolutionProperties) = preSolution
		HideSolutionNode = FALSE
	EndGlobalSection
	GlobalSection(ExtensibilityGlobals) = postSolution
		SolutionGuid = {156B94C5-FB61-4500-9679-E1C52228AB89}
	EndGlobalSection
EndGlobal
